
Microsoft Visual Studio Solution File, Format Version 12.00
Project("{FAE04EC0-301F-11D3-BF4B-00C04F79EFBC}") = "WebApi", "src\WebApi\WebApi.csproj", "{826DD4EC-F3E7-48EA-BAE2-11F160F8C86B}"
EndProject
Global
	GlobalSection(SolutionConfigurationPlatforms) = preSolution
		Debug|Any CPU = Debug|Any CPU
		Release|Any CPU = Release|Any CPU
	EndGlobalSection
	GlobalSection(ProjectConfigurationPlatforms) = postSolution
		{826DD4EC-F3E7-48EA-BAE2-11F160F8C86B}.Debug|Any CPU.ActiveCfg = Debug|Any CPU
		{826DD4EC-F3E7-48EA-BAE2-11F160F8C86B}.Debug|Any CPU.Build.0 = Debug|Any CPU
		{826DD4EC-F3E7-48EA-BAE2-11F160F8C86B}.Release|Any CPU.ActiveCfg = Release|Any CPU
		{826DD4EC-F3E7-48EA-BAE2-11F160F8C86B}.Release|Any CPU.Build.0 = Release|Any CPU
	EndGlobalSection
EndGlobal
